{
  "lockfileVersion": 1,
  "workspaces": {
    "": {
      "name": "auto_tactics",
      "dependencies": {
        "@excaliburjs/plugin-jsfxr": "^0.29.4",
        "excalibur": "^0.29.3",
      },
      "devDependencies": {
        "@types/bun": "^1.1.4",
        "oxlint": "^1.14.0",
      },
      "peerDependencies": {
        "typescript": "^5.0.0",
      },
    },
  },
  "packages": {
    "@excaliburjs/plugin-jsfxr": ["@excaliburjs/plugin-jsfxr@0.29.4", "", { "peerDependencies": { "excalibur": "^0.29.1" } }, "sha512-pMjpHj9KE2SdOIKC7MaqFWXrs0rnYhaRPtyU/3EIpO9+g3eGk/fXSL/y2WoK4TZgWul8ucbaPxrgShJhPu04IQ=="],

    "@oxlint/darwin-arm64": ["@oxlint/darwin-arm64@1.14.0", "", { "os": "darwin", "cpu": "arm64" }, "sha512-rcTw0QWeOc6IeVp+Up7WtcwdS9l4j7TOq4tihF0Ud/fl+VUVdvDCPuZ9QTnLXJhwMXiyQRWdxRyI6XBwf80ncQ=="],

    "@oxlint/darwin-x64": ["@oxlint/darwin-x64@1.14.0", "", { "os": "darwin", "cpu": "x64" }, "sha512-TWFSEmyl2/DN4HoXNwQl0y/y3EXFJDctfv5MiDtVOV1GJKX80cGSIxMxXb08Q3CCWqteqEijmfSMo5TG8X1H/A=="],

    "@oxlint/linux-arm64-gnu": ["@oxlint/linux-arm64-gnu@1.14.0", "", { "os": "linux", "cpu": "arm64" }, "sha512-N1FqdKfwhVWPpMElv8qlGqdEefTbDYaRVhdGWOjs/2f7FESa5vX0cvA7ToqzkoXyXZI5DqByWiPML33njK30Kg=="],

    "@oxlint/linux-arm64-musl": ["@oxlint/linux-arm64-musl@1.14.0", "", { "os": "linux", "cpu": "arm64" }, "sha512-v/BPuiateLBb7Gz1STb69EWjkgKdlPQ1NM56z+QQur21ly2hiMkBX2n0zEhqfu9PQVRUizu6AlsYuzcPY/zsIQ=="],

    "@oxlint/linux-x64-gnu": ["@oxlint/linux-x64-gnu@1.14.0", "", { "os": "linux", "cpu": "x64" }, "sha512-gUTp8KIrSYt97dn+tRRC3LKnH4xlHKCwrPwiDcGmLbCxojuN9/H5mnIhPKEfwNuZNdoKGS/ABuq3neVyvRCRtQ=="],

    "@oxlint/linux-x64-musl": ["@oxlint/linux-x64-musl@1.14.0", "", { "os": "linux", "cpu": "x64" }, "sha512-DpN6cW2HPjYXeENG0JBbmubO8LtfKt6qJqEMBw9gUevbyBaX+k+Jn7sYgh6S23wGOkzmTNphBsf/7ulj4nIVYA=="],

    "@oxlint/win32-arm64": ["@oxlint/win32-arm64@1.14.0", "", { "os": "win32", "cpu": "arm64" }, "sha512-oXxJksnUTUMgJ0NvjKS1mrCXAy1ttPgIVacRSlxQ+1XHy+aJDMM7I8fsCtoKoEcTIpPaD98eqUqlLYs0H2MGjA=="],

    "@oxlint/win32-x64": ["@oxlint/win32-x64@1.14.0", "", { "os": "win32", "cpu": "x64" }, "sha512-iRYy2rhTQKFztyx0jtNMRBnFpzsRwFdjWQ7sKKzJpmbijA3Tw3DCqlGT7QRgoVRF0+X/ccNGvvsrgMohPVfLeQ=="],

    "@types/bun": ["@types/bun@1.1.4", "", { "dependencies": { "bun-types": "1.1.13" } }, "sha512-ejSuv/3s0hTHj/nkkLzBlHxm4JxOPygbLNi0kzM6ooq8rOiQvIUCv7RRErTaWSfb+QVnKz6x7qlp8N86bGDiIg=="],

    "@types/node": ["@types/node@20.12.14", "", { "dependencies": { "undici-types": "~5.26.4" } }, "sha512-scnD59RpYD91xngrQQLGkE+6UrHUPzeKZWhhjBSa3HSkwjbQc38+q3RoIVEwxQGRw3M+j5hpNAM+lgV3cVormg=="],

    "@types/ws": ["@types/ws@8.5.10", "", { "dependencies": { "@types/node": "*" } }, "sha512-vmQSUcfalpIq0R9q7uTo2lXs6eGIpt9wtnLdMv9LVpIjCA/+ufZRozlVoVelIYixx1ugCBKDhn89vnsEGOCx9A=="],

    "bun-types": ["bun-types@1.1.13", "", { "dependencies": { "@types/node": "~20.12.8", "@types/ws": "~8.5.10" } }, "sha512-G/TqF0SsMQGLr4g7K3B2BK8BrPEA1EqCNwxZbyRdj5M4t54zvwyaqvRJOW34kuPqc2IvNNalRU3swc8B4oc4FA=="],

    "core-js": ["core-js@3.36.1", "", {}, "sha512-BTvUrwxVBezj5SZ3f10ImnX2oRByMxql3EimVqMysepbC9EeMUOpLwdy6Eoili2x6E4kf+ZUB5k/+Jv55alPfA=="],

    "excalibur": ["excalibur@0.29.3", "", { "dependencies": { "core-js": "3.36.1" } }, "sha512-R1Nzf5/U2oSuIcWKZinAUR8b3eW71bwC6UvnqSt08d2uTVpaIDwl6cyVvB+1jY5GeA0BWmFS/wQ/PaNKTZDP7A=="],

    "oxlint": ["oxlint@1.14.0", "", { "optionalDependencies": { "@oxlint/darwin-arm64": "1.14.0", "@oxlint/darwin-x64": "1.14.0", "@oxlint/linux-arm64-gnu": "1.14.0", "@oxlint/linux-arm64-musl": "1.14.0", "@oxlint/linux-x64-gnu": "1.14.0", "@oxlint/linux-x64-musl": "1.14.0", "@oxlint/win32-arm64": "1.14.0", "@oxlint/win32-x64": "1.14.0" }, "peerDependencies": { "oxlint-tsgolint": ">=0.1.5" }, "optionalPeers": ["oxlint-tsgolint"], "bin": { "oxlint": "bin/oxlint", "oxc_language_server": "bin/oxc_language_server" } }, "sha512-oo0nq3zF9hmgATGc9esoMahLuEESOodUxEDeHDA2K7tbYcSfcmReE9G2QNppnq9rOSQHLTwlMtzGAjjttYaufQ=="],

    "typescript": ["typescript@5.4.5", "", { "bin": { "tsc": "bin/tsc", "tsserver": "bin/tsserver" } }, "sha512-vcI4UpRgg81oIRUFwR0WSIHKt11nJ7SAVlYNIu+QpqeyXP+gpQJy/Z4+F0aGxSE4MqwjyXvW/TzgkLAx2AGHwQ=="],

    "undici-types": ["undici-types@5.26.5", "", {}, "sha512-JlCMO+ehdEIKqlFxk6IfVoAUVmgz7cU7zD/h9XZ0qzeosSHmUJVOzSQvvYSYWXkFXC+IfLKSIffhv0sVZup6pA=="],
  }
}
